// !$*UTF8*$!
{
	archiveVersion = 1;
	classes = {
	};
	objectVersion = 56;
	objects = {

/* Begin PBXBuildFile section */
		540529953034F60A009025C7 /* Supabase in Frameworks */ = {isa = PBXBuildFile; productRef = 540529943034F60A009025C7 /* Supabase */; };
		540529983034F893009025C7 /* SupabaseConfig.swift in Sources */ = {isa = PBXBuildFile; fileRef = 540529973034F893009025C7 /* SupabaseConfig.swift */; };
		540529993034F893009025C7 /* AuthService.swift in Sources */ = {isa = PBXBuildFile; fileRef = 540529963034F893009025C7 /* AuthService.swift */; };
		AA0301010000000000000000 /* ForkensicsApp.swift in Sources */ = {isa = PBXBuildFile; fileRef = AA0300010000000000000000 /* ForkensicsApp.swift */; };
		AA0301020000000000000000 /* ContentView.swift in Sources */ = {isa = PBXBuildFile; fileRef = AA0300020000000000000000 /* ContentView.swift */; };
		AA0301030000000000000000 /* Player.swift in Sources */ = {isa = PBXBuildFile; fileRef = AA0300030000000000000000 /* Player.swift */; };
		AA0301040000000000000000 /* Challenge.swift in Sources */ = {isa = PBXBuildFile; fileRef = AA0300040000000000000000 /* Challenge.swift */; };
		AA0301050000000000000000 /* ChallengeSecret.swift in Sources */ = {isa = PBXBuildFile; fileRef = AA0300050000000000000000 /* ChallengeSecret.swift */; };
		AA0301060000000000000000 /* GuessAttempt.swift in Sources */ = {isa = PBXBuildFile; fileRef = AA0300060000000000000000 /* GuessAttempt.swift */; };
		AA0301070000000000000000 /* Hint.swift in Sources */ = {isa = PBXBuildFile; fileRef = AA0300070000000000000000 /* Hint.swift */; };
		AA0301080000000000000000 /* ScoreEvent.swift in Sources */ = {isa = PBXBuildFile; fileRef = AA0300080000000000000000 /* ScoreEvent.swift */; };
		AA0301090000000000000000 /* PostRevealContent.swift in Sources */ = {isa = PBXBuildFile; fileRef = AA0300090000000000000000 /* PostRevealContent.swift */; };
		AA03010A0000000000000000 /* DataServiceProtocol.swift in Sources */ = {isa = PBXBuildFile; fileRef = AA03000A0000000000000000 /* DataServiceProtocol.swift */; };
		AA03010B0000000000000000 /* MockDataService.swift in Sources */ = {isa = PBXBuildFile; fileRef = AA03000B0000000000000000 /* MockDataService.swift */; };
		AA03010C0000000000000000 /* ChallengeImageView.swift in Sources */ = {isa = PBXBuildFile; fileRef = AA03000C0000000000000000 /* ChallengeImageView.swift */; };
		AA03010D0000000000000000 /* ChallengeFeedView.swift in Sources */ = {isa = PBXBuildFile; fileRef = AA03000D0000000000000000 /* ChallengeFeedView.swift */; };
		AA03010E0000000000000000 /* ChallengeRowView.swift in Sources */ = {isa = PBXBuildFile; fileRef = AA03000E0000000000000000 /* ChallengeRowView.swift */; };
		AA03010F0000000000000000 /* ChallengeDetailView.swift in Sources */ = {isa = PBXBuildFile; fileRef = AA03000F0000000000000000 /* ChallengeDetailView.swift */; };
		AA0301100000000000000000 /* GuessEntryView.swift in Sources */ = {isa = PBXBuildFile; fileRef = AA0300100000000000000000 /* GuessEntryView.swift */; };
		AA0301110000000000000000 /* PosterControlsView.swift in Sources */ = {isa = PBXBuildFile; fileRef = AA0300110000000000000000 /* PosterControlsView.swift */; };
		AA0301120000000000000000 /* CreateChallengeView.swift in Sources */ = {isa = PBXBuildFile; fileRef = AA0300120000000000000000 /* CreateChallengeView.swift */; };
		AA0301130000000000000000 /* RevealView.swift in Sources */ = {isa = PBXBuildFile; fileRef = AA0300130000000000000000 /* RevealView.swift */; };
		AA0301140000000000000000 /* ConversationView.swift in Sources */ = {isa = PBXBuildFile; fileRef = AA0300140000000000000000 /* ConversationView.swift */; };
		AA0301150000000000000000 /* LeaderboardView.swift in Sources */ = {isa = PBXBuildFile; fileRef = AA0300150000000000000000 /* LeaderboardView.swift */; };
		AA0301160000000000000000 /* Assets.xcassets in Resources */ = {isa = PBXBuildFile; fileRef = AA0300160000000000000000 /* Assets.xcassets */; };
		AA0301170000000000000000 /* ForkensicsDesign.swift in Sources */ = {isa = PBXBuildFile; fileRef = AA0300170000000000000000 /* ForkensicsDesign.swift */; };
		AA0301180000000000000000 /* WireframeModels.swift in Sources */ = {isa = PBXBuildFile; fileRef = AA0300180000000000000000 /* WireframeModels.swift */; };
		AA0301190000000000000000 /* WireframeComponents.swift in Sources */ = {isa = PBXBuildFile; fileRef = AA0300190000000000000000 /* WireframeComponents.swift */; };
		AA03011A0000000000000000 /* OnboardingWireframes.swift in Sources */ = {isa = PBXBuildFile; fileRef = AA03001A0000000000000000 /* OnboardingWireframes.swift */; };
		AA03011B0000000000000000 /* MainWireframes.swift in Sources */ = {isa = PBXBuildFile; fileRef = AA03001B0000000000000000 /* MainWireframes.swift */; };
		AA03011C0000000000000000 /* CaseWireframes.swift in Sources */ = {isa = PBXBuildFile; fileRef = AA03001C0000000000000000 /* CaseWireframes.swift */; };
		AA03011D0000000000000000 /* WireframeNavigation.swift in Sources */ = {isa = PBXBuildFile; fileRef = AA03001D0000000000000000 /* WireframeNavigation.swift */; };
		AA03011E0000000000000000 /* PreviewGallery.swift in Sources */ = {isa = PBXBuildFile; fileRef = AA03001E0000000000000000 /* PreviewGallery.swift */; };
		AA03011F0000000000000000 /* GameRules.swift in Sources */ = {isa = PBXBuildFile; fileRef = AA03001F0000000000000000 /* GameRules.swift */; };
		AA0301200000000000000000 /* LocalMultiplayerWireframes.swift in Sources */ = {isa = PBXBuildFile; fileRef = AA0300200000000000000000 /* LocalMultiplayerWireframes.swift */; };
		AA0301210000000000000000 /* ForkensicsNotificationService.swift in Sources */ = {isa = PBXBuildFile; fileRef = AA0300210000000000000000 /* ForkensicsNotificationService.swift */; };
		AA0301220000000000000000 /* ChallengeService.swift in Sources */ = {isa = PBXBuildFile; fileRef = AA0300220000000000000000 /* ChallengeService.swift */; };
		BB0300010000000000000000 /* NotificationViewController.swift in Sources */ = {isa = PBXBuildFile; fileRef = BB0200010000000000000000 /* NotificationViewController.swift */; };
		BB0300020000000000000000 /* ForkensicsNotificationContent.appex in Embed App Extensions */ = {isa = PBXBuildFile; fileRef = BB0100010000000000000000 /* ForkensicsNotificationContent.appex */; settings = {ATTRIBUTES = (RemoveHeadersOnCopy, ); }; };
		CC0300010000000000000000 /* ForkensicsLiveActivityAttributes.swift in Sources */ = {isa = PBXBuildFile; fileRef = CC0200030000000000000000 /* ForkensicsLiveActivityAttributes.swift */; };
		CC0300020000000000000000 /* ForkensicsLiveActivityAttributes.swift in Sources */ = {isa = PBXBuildFile; fileRef = CC0200030000000000000000 /* ForkensicsLiveActivityAttributes.swift */; };
		CC0300030000000000000000 /* ForkensicsLiveActivityService.swift in Sources */ = {isa = PBXBuildFile; fileRef = CC0200040000000000000000 /* ForkensicsLiveActivityService.swift */; };
		CC0300040000000000000000 /* ForkensicsLiveActivity.swift in Sources */ = {isa = PBXBuildFile; fileRef = CC0200010000000000000000 /* ForkensicsLiveActivity.swift */; };
		CC0300050000000000000000 /* ForkensicsLiveActivity.appex in Embed App Extensions */ = {isa = PBXBuildFile; fileRef = CC0100010000000000000000 /* ForkensicsLiveActivity.appex */; settings = {ATTRIBUTES = (RemoveHeadersOnCopy, ); }; };
		CC0300070000000000000000 /* Assets.xcassets in Resources */ = {isa = PBXBuildFile; fileRef = AA0300160000000000000000 /* Assets.xcassets */; };
/* End PBXBuildFile section */

/* Begin PBXContainerItemProxy section */
		BB0700010000000000000000 /* PBXContainerItemProxy */ = {
			isa = PBXContainerItemProxy;
			containerPortal = AA0100010000000000000000 /* Project object */;
			proxyType = 1;
			remoteGlobalIDString = BB0600010000000000000000;
			remoteInfo = ForkensicsNotificationContent;
		};
		CC0700010000000000000000 /* PBXContainerItemProxy */ = {
			isa = PBXContainerItemProxy;
			containerPortal = AA0100010000000000000000 /* Project object */;
			proxyType = 1;
			remoteGlobalIDString = CC0600010000000000000000;
			remoteInfo = ForkensicsLiveActivity;
		};
/* End PBXContainerItemProxy section */

/* Begin PBXCopyFilesBuildPhase section */
		BB0500040000000000000000 /* Embed App Extensions */ = {
			isa = PBXCopyFilesBuildPhase;
			buildActionMask = 2147483647;
			dstPath = "";
			dstSubfolderSpec = 13;
			files = (
				BB0300020000000000000000 /* ForkensicsNotificationContent.appex in Embed App Extensions */,
				CC0300050000000000000000 /* ForkensicsLiveActivity.appex in Embed App Extensions */,
			);
			name = "Embed App Extensions";
			runOnlyForDeploymentPostprocessing = 0;
		};
/* End PBXCopyFilesBuildPhase section */

/* Begin PBXFileReference section */
		540529963034F893009025C7 /* AuthService.swift */ = {isa = PBXFileReference; lastKnownFileType = sourcecode.swift; path = AuthService.swift; sourceTree = "<group>"; };
		540529973034F893009025C7 /* SupabaseConfig.swift */ = {isa = PBXFileReference; lastKnownFileType = sourcecode.swift; path = SupabaseConfig.swift; sourceTree = "<group>"; };
		AA0200020000000000000000 /* Forkensics.app */ = {isa = PBXFileReference; explicitFileType = wrapper.application; includeInIndex = 0; path = Forkensics.app; sourceTree = BUILT_PRODUCTS_DIR; };
		AA0300010000000000000000 /* ForkensicsApp.swift */ = {isa = PBXFileReference; lastKnownFileType = sourcecode.swift; path = ForkensicsApp.swift; sourceTree = "<group>"; };
		AA0300020000000000000000 /* ContentView.swift */ = {isa = PBXFileReference; lastKnownFileType = sourcecode.swift; path = ContentView.swift; sourceTree = "<group>"; };
		AA0300030000000000000000 /* Player.swift */ = {isa = PBXFileReference; lastKnownFileType = sourcecode.swift; path = Player.swift; sourceTree = "<group>"; };
		AA0300040000000000000000 /* Challenge.swift */ = {isa = PBXFileReference; lastKnownFileType = sourcecode.swift; path = Challenge.swift; sourceTree = "<group>"; };
		AA0300050000000000000000 /* ChallengeSecret.swift */ = {isa = PBXFileReference; lastKnownFileType = sourcecode.swift; path = ChallengeSecret.swift; sourceTree = "<group>"; };
		AA0300060000000000000000 /* GuessAttempt.swift */ = {isa = PBXFileReference; lastKnownFileType = sourcecode.swift; path = GuessAttempt.swift; sourceTree = "<group>"; };
		AA0300070000000000000000 /* Hint.swift */ = {isa = PBXFileReference; lastKnownFileType = sourcecode.swift; path = Hint.swift; sourceTree = "<group>"; };
		AA0300080000000000000000 /* ScoreEvent.swift */ = {isa = PBXFileReference; lastKnownFileType = sourcecode.swift; path = ScoreEvent.swift; sourceTree = "<group>"; };
		AA0300090000000000000000 /* PostRevealContent.swift */ = {isa = PBXFileReference; lastKnownFileType = sourcecode.swift; path = PostRevealContent.swift; sourceTree = "<group>"; };
		AA03000A0000000000000000 /* DataServiceProtocol.swift */ = {isa = PBXFileReference; lastKnownFileType = sourcecode.swift; path = DataServiceProtocol.swift; sourceTree = "<group>"; };
		AA03000B0000000000000000 /* MockDataService.swift */ = {isa = PBXFileReference; lastKnownFileType = sourcecode.swift; path = MockDataService.swift; sourceTree = "<group>"; };
		AA03000C0000000000000000 /* ChallengeImageView.swift */ = {isa = PBXFileReference; lastKnownFileType = sourcecode.swift; path = ChallengeImageView.swift; sourceTree = "<group>"; };
		AA03000D0000000000000000 /* ChallengeFeedView.swift */ = {isa = PBXFileReference; lastKnownFileType = sourcecode.swift; path = ChallengeFeedView.swift; sourceTree = "<group>"; };
		AA03000E0000000000000000 /* ChallengeRowView.swift */ = {isa = PBXFileReference; lastKnownFileType = sourcecode.swift; path = ChallengeRowView.swift; sourceTree = "<group>"; };
		AA03000F0000000000000000 /* ChallengeDetailView.swift */ = {isa = PBXFileReference; lastKnownFileType = sourcecode.swift; path = ChallengeDetailView.swift; sourceTree = "<group>"; };
		AA0300100000000000000000 /* GuessEntryView.swift */ = {isa = PBXFileReference; lastKnownFileType = sourcecode.swift; path = GuessEntryView.swift; sourceTree = "<group>"; };
		AA0300110000000000000000 /* PosterControlsView.swift */ = {isa = PBXFileReference; lastKnownFileType = sourcecode.swift; path = PosterControlsView.swift; sourceTree = "<group>"; };
		AA0300120000000000000000 /* CreateChallengeView.swift */ = {isa = PBXFileReference; lastKnownFileType = sourcecode.swift; path = CreateChallengeView.swift; sourceTree = "<group>"; };
		AA0300130000000000000000 /* RevealView.swift */ = {isa = PBXFileReference; lastKnownFileType = sourcecode.swift; path = RevealView.swift; sourceTree = "<group>"; };
		AA0300140000000000000000 /* ConversationView.swift */ = {isa = PBXFileReference; lastKnownFileType = sourcecode.swift; path = ConversationView.swift; sourceTree = "<group>"; };
		AA0300150000000000000000 /* LeaderboardView.swift */ = {isa = PBXFileReference; lastKnownFileType = sourcecode.swift; path = LeaderboardView.swift; sourceTree = "<group>"; };
		AA0300160000000000000000 /* Assets.xcassets */ = {isa = PBXFileReference; lastKnownFileType = folder.assetcatalog; path = Assets.xcassets; sourceTree = "<group>"; };
		AA0300170000000000000000 /* ForkensicsDesign.swift */ = {isa = PBXFileReference; lastKnownFileType = sourcecode.swift; path = ForkensicsDesign.swift; sourceTree = "<group>"; };
		AA0300180000000000000000 /* WireframeModels.swift */ = {isa = PBXFileReference; lastKnownFileType = sourcecode.swift; path = WireframeModels.swift; sourceTree = "<group>"; };
		AA0300190000000000000000 /* WireframeComponents.swift */ = {isa = PBXFileReference; lastKnownFileType = sourcecode.swift; path = WireframeComponents.swift; sourceTree = "<group>"; };
		AA03001A0000000000000000 /* OnboardingWireframes.swift */ = {isa = PBXFileReference; lastKnownFileType = sourcecode.swift; path = OnboardingWireframes.swift; sourceTree = "<group>"; };
		AA03001B0000000000000000 /* MainWireframes.swift */ = {isa = PBXFileReference; lastKnownFileType = sourcecode.swift; path = MainWireframes.swift; sourceTree = "<group>"; };
		AA03001C0000000000000000 /* CaseWireframes.swift */ = {isa = PBXFileReference; lastKnownFileType = sourcecode.swift; path = CaseWireframes.swift; sourceTree = "<group>"; };
		AA03001D0000000000000000 /* WireframeNavigation.swift */ = {isa = PBXFileReference; lastKnownFileType = sourcecode.swift; path = WireframeNavigation.swift; sourceTree = "<group>"; };
		AA03001E0000000000000000 /* PreviewGallery.swift */ = {isa = PBXFileReference; lastKnownFileType = sourcecode.swift; path = PreviewGallery.swift; sourceTree = "<group>"; };
		AA03001F0000000000000000 /* GameRules.swift */ = {isa = PBXFileReference; lastKnownFileType = sourcecode.swift; path = GameRules.swift; sourceTree = "<group>"; };
		AA0300200000000000000000 /* LocalMultiplayerWireframes.swift */ = {isa = PBXFileReference; lastKnownFileType = sourcecode.swift; path = LocalMultiplayerWireframes.swift; sourceTree = "<group>"; };
		AA0300210000000000000000 /* ForkensicsNotificationService.swift */ = {isa = PBXFileReference; lastKnownFileType = sourcecode.swift; path = ForkensicsNotificationService.swift; sourceTree = "<group>"; };
		AA0300220000000000000000 /* ChallengeService.swift */ = {isa = PBXFileReference; lastKnownFileType = sourcecode.swift; path = ChallengeService.swift; sourceTree = "<group>"; };
		BB0100010000000000000000 /* ForkensicsNotificationContent.appex */ = {isa = PBXFileReference; explicitFileType = "wrapper.app-extension"; includeInIndex = 0; path = ForkensicsNotificationContent.appex; sourceTree = BUILT_PRODUCTS_DIR; };
		BB0200010000000000000000 /* NotificationViewController.swift */ = {isa = PBXFileReference; lastKnownFileType = sourcecode.swift; path = NotificationViewController.swift; sourceTree = "<group>"; };
		BB0200020000000000000000 /* Info.plist */ = {isa = PBXFileReference; lastKnownFileType = text.plist.xml; path = Info.plist; sourceTree = "<group>"; };
		CC0100010000000000000000 /* ForkensicsLiveActivity.appex */ = {isa = PBXFileReference; explicitFileType = "wrapper.app-extension"; includeInIndex = 0; path = ForkensicsLiveActivity.appex; sourceTree = BUILT_PRODUCTS_DIR; };
		CC0200010000000000000000 /* ForkensicsLiveActivity.swift */ = {isa = PBXFileReference; lastKnownFileType = sourcecode.swift; path = ForkensicsLiveActivity.swift; sourceTree = "<group>"; };
		CC0200020000000000000000 /* Info.plist */ = {isa = PBXFileReference; lastKnownFileType = text.plist.xml; path = Info.plist; sourceTree = "<group>"; };
		CC0200030000000000000000 /* ForkensicsLiveActivityAttributes.swift */ = {isa = PBXFileReference; lastKnownFileType = sourcecode.swift; path = ForkensicsLiveActivityAttributes.swift; sourceTree = "<group>"; };
		CC0200040000000000000000 /* ForkensicsLiveActivityService.swift */ = {isa = PBXFileReference; lastKnownFileType = sourcecode.swift; path = ForkensicsLiveActivityService.swift; sourceTree = "<group>"; };
/* End PBXFileReference section */

/* Begin PBXFrameworksBuildPhase section */
		AA0500020000000000000000 /* Frameworks */ = {
			isa = PBXFrameworksBuildPhase;
			buildActionMask = 2147483647;
			files = (
				540529953034F60A009025C7 /* Supabase in Frameworks */,
			);
			runOnlyForDeploymentPostprocessing = 0;
		};
		BB0500020000000000000000 /* Frameworks */ = {
			isa = PBXFrameworksBuildPhase;
			buildActionMask = 2147483647;
			files = (
			);
			runOnlyForDeploymentPostprocessing = 0;
		};
		CC0500020000000000000000 /* Frameworks */ = {
			isa = PBXFrameworksBuildPhase;
			buildActionMask = 2147483647;
			files = (
			);
			runOnlyForDeploymentPostprocessing = 0;
		};
/* End PBXFrameworksBuildPhase section */

/* Begin PBXGroup section */
		AA0400010000000000000000 /* Products */ = {
			isa = PBXGroup;
			children = (
				AA0200020000000000000000 /* Forkensics.app */,
				BB0100010000000000000000 /* ForkensicsNotificationContent.appex */,
				CC0100010000000000000000 /* ForkensicsLiveActivity.appex */,
			);
			name = Products;
			sourceTree = "<group>";
		};
		AA0400020000000000000000 /* Forkensics */ = {
			isa = PBXGroup;
			children = (
				AA0300010000000000000000 /* ForkensicsApp.swift */,
				AA0300020000000000000000 /* ContentView.swift */,
				BB0400010000000000000000 /* ForkensicsNotificationContent */,
				CC0400010000000000000000 /* ForkensicsLiveActivity */,
				AA04000C0000000000000000 /* Wireframes */,
				AA0400030000000000000000 /* Models */,
				AA0400040000000000000000 /* Services */,
				AA0400050000000000000000 /* Views */,
				AA0300160000000000000000 /* Assets.xcassets */,
				AA0400010000000000000000 /* Products */,
			);
			path = Forkensics;
			sourceTree = "<group>";
		};
		AA0400030000000000000000 /* Models */ = {
			isa = PBXGroup;
			children = (
				AA0300030000000000000000 /* Player.swift */,
				AA0300040000000000000000 /* Challenge.swift */,
				AA0300050000000000000000 /* ChallengeSecret.swift */,
				AA0300060000000000000000 /* GuessAttempt.swift */,
				AA0300070000000000000000 /* Hint.swift */,
				AA0300080000000000000000 /* ScoreEvent.swift */,
				AA0300090000000000000000 /* PostRevealContent.swift */,
			);
			path = Models;
			sourceTree = "<group>";
		};
		AA0400040000000000000000 /* Services */ = {
			isa = PBXGroup;
			children = (
				540529963034F893009025C7 /* AuthService.swift */,
				540529973034F893009025C7 /* SupabaseConfig.swift */,
				AA03000A0000000000000000 /* DataServiceProtocol.swift */,
				AA03001F0000000000000000 /* GameRules.swift */,
				AA03000B0000000000000000 /* MockDataService.swift */,
				AA0300210000000000000000 /* ForkensicsNotificationService.swift */,
				AA0300220000000000000000 /* ChallengeService.swift */,
				CC0200030000000000000000 /* ForkensicsLiveActivityAttributes.swift */,
				CC0200040000000000000000 /* ForkensicsLiveActivityService.swift */,
			);
			path = Services;
			sourceTree = "<group>";
		};
		AA0400050000000000000000 /* Views */ = {
			isa = PBXGroup;
			children = (
				AA0400060000000000000000 /* Components */,
				AA0400070000000000000000 /* Feed */,
				AA0400080000000000000000 /* Challenge */,
				AA0400090000000000000000 /* Reveal */,
				AA04000A0000000000000000 /* Conversation */,
				AA04000B0000000000000000 /* Leaderboard */,
			);
			path = Views;
			sourceTree = "<group>";
		};
		AA0400060000000000000000 /* Components */ = {
			isa = PBXGroup;
			children = (
				AA03000C0000000000000000 /* ChallengeImageView.swift */,
			);
			path = Components;
			sourceTree = "<group>";
		};
		AA0400070000000000000000 /* Feed */ = {
			isa = PBXGroup;
			children = (
				AA03000D0000000000000000 /* ChallengeFeedView.swift */,
				AA03000E0000000000000000 /* ChallengeRowView.swift */,
			);
			path = Feed;
			sourceTree = "<group>";
		};
		AA0400080000000000000000 /* Challenge */ = {
			isa = PBXGroup;
			children = (
				AA03000F0000000000000000 /* ChallengeDetailView.swift */,
				AA0300100000000000000000 /* GuessEntryView.swift */,
				AA0300110000000000000000 /* PosterControlsView.swift */,
				AA0300120000000000000000 /* CreateChallengeView.swift */,
			);
			path = Challenge;
			sourceTree = "<group>";
		};
		AA0400090000000000000000 /* Reveal */ = {
			isa = PBXGroup;
			children = (
				AA0300130000000000000000 /* RevealView.swift */,
			);
			path = Reveal;
			sourceTree = "<group>";
		};
		AA04000A0000000000000000 /* Conversation */ = {
			isa = PBXGroup;
			children = (
				AA0300140000000000000000 /* ConversationView.swift */,
			);
			path = Conversation;
			sourceTree = "<group>";
		};
		AA04000B0000000000000000 /* Leaderboard */ = {
			isa = PBXGroup;
			children = (
				AA0300150000000000000000 /* LeaderboardView.swift */,
			);
			path = Leaderboard;
			sourceTree = "<group>";
		};
		AA04000C0000000000000000 /* Wireframes */ = {
			isa = PBXGroup;
			children = (
				AA0300170000000000000000 /* ForkensicsDesign.swift */,
				AA0300180000000000000000 /* WireframeModels.swift */,
				AA0300190000000000000000 /* WireframeComponents.swift */,
				AA03001A0000000000000000 /* OnboardingWireframes.swift */,
				AA03001B0000000000000000 /* MainWireframes.swift */,
				AA03001C0000000000000000 /* CaseWireframes.swift */,
				AA03001D0000000000000000 /* WireframeNavigation.swift */,
				AA03001E0000000000000000 /* PreviewGallery.swift */,
				AA0300200000000000000000 /* LocalMultiplayerWireframes.swift */,
			);
			path = Wireframes;
			sourceTree = "<group>";
		};
		BB0400010000000000000000 /* ForkensicsNotificationContent */ = {
			isa = PBXGroup;
			children = (
				BB0200010000000000000000 /* NotificationViewController.swift */,
				BB0200020000000000000000 /* Info.plist */,
			);
			path = ForkensicsNotificationContent;
			sourceTree = SOURCE_ROOT;
		};
		CC0400010000000000000000 /* ForkensicsLiveActivity */ = {
			isa = PBXGroup;
			children = (
				CC0200010000000000000000 /* ForkensicsLiveActivity.swift */,
				CC0200020000000000000000 /* Info.plist */,
			);
			path = ForkensicsLiveActivity;
			sourceTree = SOURCE_ROOT;
		};
/* End PBXGroup section */

/* Begin PBXNativeTarget section */
		AA0200010000000000000000 /* Forkensics */ = {
			isa = PBXNativeTarget;
			buildConfigurationList = AA0601020000000000000000 /* Build configuration list for PBXNativeTarget "Forkensics" */;
			buildPhases = (
				AA0500010000000000000000 /* Sources */,
				AA0500020000000000000000 /* Frameworks */,
				AA0500030000000000000000 /* Resources */,
				BB0500040000000000000000 /* Embed App Extensions */,
			);
			buildRules = (
			);
			dependencies = (
				BB0700020000000000000000 /* PBXTargetDependency */,
				CC0700020000000000000000 /* PBXTargetDependency */,
			);
			name = Forkensics;
			productName = Forkensics;
			productReference = AA0200020000000000000000 /* Forkensics.app */;
			productType = "com.apple.product-type.application";
		};
		BB0600010000000000000000 /* ForkensicsNotificationContent */ = {
			isa = PBXNativeTarget;
			buildConfigurationList = BB0900010000000000000000 /* Build configuration list for PBXNativeTarget "ForkensicsNotificationContent" */;
			buildPhases = (
				BB0500010000000000000000 /* Sources */,
				BB0500020000000000000000 /* Frameworks */,
				BB0500030000000000000000 /* Resources */,
			);
			buildRules = (
			);
			dependencies = (
			);
			name = ForkensicsNotificationContent;
			productName = ForkensicsNotificationContent;
			productReference = BB0100010000000000000000 /* ForkensicsNotificationContent.appex */;
			productType = "com.apple.product-type.app-extension";
		};
		CC0600010000000000000000 /* ForkensicsLiveActivity */ = {
			isa = PBXNativeTarget;
			buildConfigurationList = CC0900010000000000000000 /* Build configuration list for PBXNativeTarget "ForkensicsLiveActivity" */;
			buildPhases = (
				CC0500010000000000000000 /* Sources */,
				CC0500020000000000000000 /* Frameworks */,
				CC0500030000000000000000 /* Resources */,
			);
			buildRules = (
			);
			dependencies = (
			);
			name = ForkensicsLiveActivity;
			productName = ForkensicsLiveActivity;
			productReference = CC0100010000000000000000 /* ForkensicsLiveActivity.appex */;
			productType = "com.apple.product-type.app-extension";
		};
/* End PBXNativeTarget section */

/* Begin PBXProject section */
		AA0100010000000000000000 /* Project object */ = {
			isa = PBXProject;
			attributes = {
				BuildIndependentTargetsInParallel = 1;
				LastSwiftUpdateCheck = 1540;
				LastUpgradeCheck = 1540;
				TargetAttributes = {
					AA0200010000000000000000 = {
						CreatedOnToolsVersion = 15.4;
					};
					BB0600010000000000000000 = {
						CreatedOnToolsVersion = 15.4;
					};
					CC0600010000000000000000 = {
						CreatedOnToolsVersion = 15.4;
					};
				};
			};
			buildConfigurationList = AA0601010000000000000000 /* Build configuration list for PBXProject "Forkensics" */;
			compatibilityVersion = "Xcode 14.0";
			developmentRegion = en;
			hasScannedForEncodings = 0;
			knownRegions = (
				en,
				Base,
			);
			mainGroup = AA0400020000000000000000 /* Forkensics */;
			packageReferences = (
				540529933034F60A009025C7 /* XCRemoteSwiftPackageReference "supabase-swift" */,
			);
			productRefGroup = AA0400010000000000000000 /* Products */;
			projectDirPath = "";
			projectRoot = "";
			targets = (
				AA0200010000000000000000 /* Forkensics */,
				BB0600010000000000000000 /* ForkensicsNotificationContent */,
				CC0600010000000000000000 /* ForkensicsLiveActivity */,
			);
		};
/* End PBXProject section */

/* Begin PBXResourcesBuildPhase section */
		AA0500030000000000000000 /* Resources */ = {
			isa = PBXResourcesBuildPhase;
			buildActionMask = 2147483647;
			files = (
				AA0301160000000000000000 /* Assets.xcassets in Resources */,
			);
			runOnlyForDeploymentPostprocessing = 0;
		};
		BB0500030000000000000000 /* Resources */ = {
			isa = PBXResourcesBuildPhase;
			buildActionMask = 2147483647;
			files = (
			);
			runOnlyForDeploymentPostprocessing = 0;
		};
		CC0500030000000000000000 /* Resources */ = {
			isa = PBXResourcesBuildPhase;
			buildActionMask = 2147483647;
			files = (
				CC0300070000000000000000 /* Assets.xcassets in Resources */,
			);
			runOnlyForDeploymentPostprocessing = 0;
		};
/* End PBXResourcesBuildPhase section */

/* Begin PBXSourcesBuildPhase section */
		AA0500010000000000000000 /* Sources */ = {
			isa = PBXSourcesBuildPhase;
			buildActionMask = 2147483647;
			files = (
				AA0301010000000000000000 /* ForkensicsApp.swift in Sources */,
				AA0301020000000000000000 /* ContentView.swift in Sources */,
				AA0301170000000000000000 /* ForkensicsDesign.swift in Sources */,
				AA0301180000000000000000 /* WireframeModels.swift in Sources */,
				AA0301190000000000000000 /* WireframeComponents.swift in Sources */,
				AA03011A0000000000000000 /* OnboardingWireframes.swift in Sources */,
				AA03011B0000000000000000 /* MainWireframes.swift in Sources */,
				AA03011C0000000000000000 /* CaseWireframes.swift in Sources */,
				AA03011D0000000000000000 /* WireframeNavigation.swift in Sources */,
				AA03011E0000000000000000 /* PreviewGallery.swift in Sources */,
				AA0301200000000000000000 /* LocalMultiplayerWireframes.swift in Sources */,
				AA0301210000000000000000 /* ForkensicsNotificationService.swift in Sources */,
				AA0301220000000000000000 /* ChallengeService.swift in Sources */,
				CC0300010000000000000000 /* ForkensicsLiveActivityAttributes.swift in Sources */,
				CC0300030000000000000000 /* ForkensicsLiveActivityService.swift in Sources */,
				AA0301030000000000000000 /* Player.swift in Sources */,
				AA0301040000000000000000 /* Challenge.swift in Sources */,
				AA0301050000000000000000 /* ChallengeSecret.swift in Sources */,
				AA0301060000000000000000 /* GuessAttempt.swift in Sources */,
				AA0301070000000000000000 /* Hint.swift in Sources */,
				AA0301080000000000000000 /* ScoreEvent.swift in Sources */,
				AA0301090000000000000000 /* PostRevealContent.swift in Sources */,
				AA03010A0000000000000000 /* DataServiceProtocol.swift in Sources */,
				AA03011F0000000000000000 /* GameRules.swift in Sources */,
				AA03010B0000000000000000 /* MockDataService.swift in Sources */,
				AA03010C0000000000000000 /* ChallengeImageView.swift in Sources */,
				AA03010D0000000000000000 /* ChallengeFeedView.swift in Sources */,
				AA03010E0000000000000000 /* ChallengeRowView.swift in Sources */,
				AA03010F0000000000000000 /* ChallengeDetailView.swift in Sources */,
				AA0301100000000000000000 /* GuessEntryView.swift in Sources */,
				AA0301110000000000000000 /* PosterControlsView.swift in Sources */,
				AA0301120000000000000000 /* CreateChallengeView.swift in Sources */,
				540529983034F893009025C7 /* SupabaseConfig.swift in Sources */,
				540529993034F893009025C7 /* AuthService.swift in Sources */,
				AA0301130000000000000000 /* RevealView.swift in Sources */,
				AA0301140000000000000000 /* ConversationView.swift in Sources */,
				AA0301150000000000000000 /* LeaderboardView.swift in Sources */,
			);
			runOnlyForDeploymentPostprocessing = 0;
		};
		BB0500010000000000000000 /* Sources */ = {
			isa = PBXSourcesBuildPhase;
			buildActionMask = 2147483647;
			files = (
				BB0300010000000000000000 /* NotificationViewController.swift in Sources */,
			);
			runOnlyForDeploymentPostprocessing = 0;
		};
		CC0500010000000000000000 /* Sources */ = {
			isa = PBXSourcesBuildPhase;
			buildActionMask = 2147483647;
			files = (
				CC0300020000000000000000 /* ForkensicsLiveActivityAttributes.swift in Sources */,
				CC0300040000000000000000 /* ForkensicsLiveActivity.swift in Sources */,
			);
			runOnlyForDeploymentPostprocessing = 0;
		};
/* End PBXSourcesBuildPhase section */

/* Begin PBXTargetDependency section */
		BB0700020000000000000000 /* PBXTargetDependency */ = {
			isa = PBXTargetDependency;
			target = BB0600010000000000000000 /* ForkensicsNotificationContent */;
			targetProxy = BB0700010000000000000000 /* PBXContainerItemProxy */;
		};
		CC0700020000000000000000 /* PBXTargetDependency */ = {
			isa = PBXTargetDependency;
			target = CC0600010000000000000000 /* ForkensicsLiveActivity */;
			targetProxy = CC0700010000000000000000 /* PBXContainerItemProxy */;
		};
/* End PBXTargetDependency section */

/* Begin XCBuildConfiguration section */
		AA0600010000000000000000 /* Debug */ = {
			isa = XCBuildConfiguration;
			buildSettings = {
				ALWAYS_SEARCH_USER_PATHS = NO;
				ASSETCATALOG_COMPILER_GENERATE_SWIFT_ASSET_SYMBOL_EXTENSIONS = YES;
				CLANG_ANALYZER_NONNULL = YES;
				CLANG_ANALYZER_NUMBER_OBJECT_CONVERSION = YES_AGGRESSIVE;
				CLANG_CXX_LANGUAGE_STANDARD = "gnu++20";
				CLANG_ENABLE_MODULES = YES;
				CLANG_ENABLE_OBJC_ARC = YES;
				CLANG_ENABLE_OBJC_WEAK = YES;
				CLANG_WARN_BLOCK_CAPTURE_AUTORELEASING = YES;
				CLANG_WARN_BOOL_CONVERSION = YES;
				CLANG_WARN_COMMA = YES;
				CLANG_WARN_CONSTANT_CONVERSION = YES;
				CLANG_WARN_DEPRECATED_OBJC_IMPLEMENTATIONS = YES;
				CLANG_WARN_DIRECT_OBJC_ISA_USAGE = YES_ERROR;
				CLANG_WARN_DOCUMENTATION_COMMENTS = YES;
				CLANG_WARN_EMPTY_BODY = YES;
				CLANG_WARN_ENUM_CONVERSION = YES;
				CLANG_WARN_INFINITE_RECURSION = YES;
				CLANG_WARN_INT_CONVERSION = YES;
				CLANG_WARN_NON_LITERAL_NULL_CONVERSION = YES;
				CLANG_WARN_OBJC_IMPLICIT_RETAIN_SELF = YES;
				CLANG_WARN_OBJC_LITERAL_CONVERSION = YES;
				CLANG_WARN_OBJC_ROOT_CLASS = YES_ERROR;
				CLANG_WARN_QUOTED_INCLUDE_IN_FRAMEWORK_HEADER = YES;
				CLANG_WARN_RANGE_LOOP_ANALYSIS = YES;
				CLANG_WARN_STRICT_PROTOTYPES = YES;
				CLANG_WARN_SUSPICIOUS_MOVE = YES;
				CLANG_WARN_UNGUARDED_AVAILABILITY = YES_AGGRESSIVE;
				CLANG_WARN_UNREACHABLE_CODE = YES;
				CLANG_WARN__DUPLICATE_METHOD_MATCH = YES;
				COPY_PHASE_STRIP = NO;
				DEBUG_INFORMATION_FORMAT = dwarf;
				ENABLE_STRICT_OBJC_MSGSEND = YES;
				ENABLE_TESTABILITY = YES;
				ENABLE_USER_SCRIPT_SANDBOXING = YES;
				GCC_C_LANGUAGE_STANDARD = gnu17;
				GCC_DYNAMIC_NO_PIC = NO;
				GCC_NO_COMMON_BLOCKS = YES;
				GCC_OPTIMIZATION_LEVEL = 0;
				GCC_PREPROCESSOR_DEFINITIONS = (
					"DEBUG=1",
					"$(inherited)",
				);
				GCC_WARN_64_TO_32_BIT_CONVERSION = YES;
				GCC_WARN_ABOUT_RETURN_TYPE = YES_ERROR;
				GCC_WARN_UNDECLARED_SELECTOR = YES;
				GCC_WARN_UNINITIALIZED_AUTOS = YES_AGGRESSIVE;
				GCC_WARN_UNUSED_FUNCTION = YES;
				GCC_WARN_UNUSED_VARIABLE = YES;
				IPHONEOS_DEPLOYMENT_TARGET = 18.0;
				MTL_ENABLE_DEBUG_INFO = INCLUDE_SOURCE;
				MTL_FAST_MATH = YES;
				ONLY_ACTIVE_ARCH = YES;
				SDKROOT = iphoneos;
				SWIFT_ACTIVE_COMPILATION_CONDITIONS = "DEBUG $(inherited)";
				SWIFT_OPTIMIZATION_LEVEL = "-Onone";
			};
			name = Debug;
		};
		AA0600020000000000000000 /* Release */ = {
			isa = XCBuildConfiguration;
			buildSettings = {
				ALWAYS_SEARCH_USER_PATHS = NO;
				ASSETCATALOG_COMPILER_GENERATE_SWIFT_ASSET_SYMBOL_EXTENSIONS = YES;
				CLANG_ANALYZER_NONNULL = YES;
				CLANG_ANALYZER_NUMBER_OBJECT_CONVERSION = YES_AGGRESSIVE;
				CLANG_CXX_LANGUAGE_STANDARD = "gnu++20";
				CLANG_ENABLE_MODULES = YES;
				CLANG_ENABLE_OBJC_ARC = YES;
				CLANG_ENABLE_OBJC_WEAK = YES;
				CLANG_WARN_BLOCK_CAPTURE_AUTORELEASING = YES;
				CLANG_WARN_BOOL_CONVERSION = YES;
				CLANG_WARN_COMMA = YES;
				CLANG_WARN_CONSTANT_CONVERSION = YES;
				CLANG_WARN_DEPRECATED_OBJC_IMPLEMENTATIONS = YES;
				CLANG_WARN_DIRECT_OBJC_ISA_USAGE = YES_ERROR;
				CLANG_WARN_DOCUMENTATION_COMMENTS = YES;
				CLANG_WARN_EMPTY_BODY = YES;
				CLANG_WARN_ENUM_CONVERSION = YES;
				CLANG_WARN_INFINITE_RECURSION = YES;
				CLANG_WARN_INT_CONVERSION = YES;
				CLANG_WARN_NON_LITERAL_NULL_CONVERSION = YES;
				CLANG_WARN_OBJC_IMPLICIT_RETAIN_SELF = YES;
				CLANG_WARN_OBJC_LITERAL_CONVERSION = YES;
				CLANG_WARN_OBJC_ROOT_CLASS = YES_ERROR;
				CLANG_WARN_QUOTED_INCLUDE_IN_FRAMEWORK_HEADER = YES;
				CLANG_WARN_RANGE_LOOP_ANALYSIS = YES;
				CLANG_WARN_STRICT_PROTOTYPES = YES;
				CLANG_WARN_SUSPICIOUS_MOVE = YES;
				CLANG_WARN_UNGUARDED_AVAILABILITY = YES_AGGRESSIVE;
				CLANG_WARN_UNREACHABLE_CODE = YES;
				CLANG_WARN__DUPLICATE_METHOD_MATCH = YES;
				COPY_PHASE_STRIP = NO;
				DEBUG_INFORMATION_FORMAT = "dwarf-with-dsym";
				ENABLE_NS_ASSERTIONS = NO;
				ENABLE_STRICT_OBJC_MSGSEND = YES;
				ENABLE_USER_SCRIPT_SANDBOXING = YES;
				GCC_C_LANGUAGE_STANDARD = gnu17;
				GCC_NO_COMMON_BLOCKS = YES;
				GCC_WARN_64_TO_32_BIT_CONVERSION = YES;
				GCC_WARN_ABOUT_RETURN_TYPE = YES_ERROR;
				GCC_WARN_UNDECLARED_SELECTOR = YES;
				GCC_WARN_UNINITIALIZED_AUTOS = YES_AGGRESSIVE;
				GCC_WARN_UNUSED_FUNCTION = YES;
				GCC_WARN_UNUSED_VARIABLE = YES;
				IPHONEOS_DEPLOYMENT_TARGET = 18.0;
				MTL_FAST_MATH = YES;
				SDKROOT = iphoneos;
				SWIFT_COMPILATION_MODE = wholemodule;
				VALIDATE_PRODUCT = YES;
			};
			name = Release;
		};
		AA0600030000000000000000 /* Debug */ = {
			isa = XCBuildConfiguration;
			buildSettings = {
				ASSETCATALOG_COMPILER_APPICON_NAME = AppIcon;
				ASSETCATALOG_COMPILER_GLOBAL_ACCENT_COLOR_NAME = AccentColor;
				CODE_SIGN_STYLE = Automatic;
				CURRENT_PROJECT_VERSION = 1;
				DEVELOPMENT_TEAM = ZMMNM2A5G7;
				GENERATE_INFOPLIST_FILE = YES;
				INFOPLIST_KEY_NSCameraUsageDescription = "Take food photos to create Forkensics cases.";
				INFOPLIST_KEY_NSSupportsLiveActivities = YES;
				INFOPLIST_KEY_UIApplicationSceneManifest_Generation = YES;
				INFOPLIST_KEY_UIApplicationSupportsIndirectInputEvents = YES;
				INFOPLIST_KEY_UILaunchScreen_Generation = YES;
				INFOPLIST_KEY_UISupportedInterfaceOrientations_iPhone = "UIInterfaceOrientationPortrait UIInterfaceOrientationLandscapeLeft UIInterfaceOrientationLandscapeRight";
				IPHONEOS_DEPLOYMENT_TARGET = 18.0;
				LD_RUNPATH_SEARCH_PATHS = (
					"$(inherited)",
					"@executable_path/Frameworks",
				);
				MARKETING_VERSION = 1.0;
				PRODUCT_BUNDLE_IDENTIFIER = com.forkensics.prototype;
				PRODUCT_NAME = "$(TARGET_NAME)";
				SDKROOT = iphoneos;
				SWIFT_EMIT_LOC_STRINGS = YES;
				SWIFT_VERSION = 5.0;
				TARGETED_DEVICE_FAMILY = 1;
			};
			name = Debug;
		};
		AA0600040000000000000000 /* Release */ = {
			isa = XCBuildConfiguration;
			buildSettings = {
				ASSETCATALOG_COMPILER_APPICON_NAME = AppIcon;
				ASSETCATALOG_COMPILER_GLOBAL_ACCENT_COLOR_NAME = AccentColor;
				CODE_SIGN_STYLE = Automatic;
				CURRENT_PROJECT_VERSION = 1;
				DEVELOPMENT_TEAM = ZMMNM2A5G7;
				GENERATE_INFOPLIST_FILE = YES;
				INFOPLIST_KEY_NSCameraUsageDescription = "Take food photos to create Forkensics cases.";
				INFOPLIST_KEY_NSSupportsLiveActivities = YES;
				INFOPLIST_KEY_UIApplicationSceneManifest_Generation = YES;
				INFOPLIST_KEY_UIApplicationSupportsIndirectInputEvents = YES;
				INFOPLIST_KEY_UILaunchScreen_Generation = YES;
				INFOPLIST_KEY_UISupportedInterfaceOrientations_iPhone = "UIInterfaceOrientationPortrait UIInterfaceOrientationLandscapeLeft UIInterfaceOrientationLandscapeRight";
				IPHONEOS_DEPLOYMENT_TARGET = 18.0;
				LD_RUNPATH_SEARCH_PATHS = (
					"$(inherited)",
					"@executable_path/Frameworks",
				);
				MARKETING_VERSION = 1.0;
				PRODUCT_BUNDLE_IDENTIFIER = com.forkensics.prototype;
				PRODUCT_NAME = "$(TARGET_NAME)";
				SDKROOT = iphoneos;
				SWIFT_EMIT_LOC_STRINGS = YES;
				SWIFT_VERSION = 5.0;
				TARGETED_DEVICE_FAMILY = 1;
			};
			name = Release;
		};
		BB0800010000000000000000 /* Debug */ = {
			isa = XCBuildConfiguration;
			buildSettings = {
				APPLICATION_EXTENSION_API_ONLY = YES;
				CODE_SIGN_STYLE = Automatic;
				CURRENT_PROJECT_VERSION = 1;
				DEVELOPMENT_TEAM = ZMMNM2A5G7;
				GENERATE_INFOPLIST_FILE = NO;
				INFOPLIST_FILE = ForkensicsNotificationContent/Info.plist;
				IPHONEOS_DEPLOYMENT_TARGET = 18.0;
				MARKETING_VERSION = 1.0;
				PRODUCT_BUNDLE_IDENTIFIER = com.forkensics.prototype.NotificationContent;
				PRODUCT_NAME = "$(TARGET_NAME)";
				SDKROOT = iphoneos;
				SKIP_INSTALL = YES;
				SWIFT_EMIT_LOC_STRINGS = YES;
				SWIFT_VERSION = 5.0;
				TARGETED_DEVICE_FAMILY = 1;
			};
			name = Debug;
		};
		BB0800020000000000000000 /* Release */ = {
			isa = XCBuildConfiguration;
			buildSettings = {
				APPLICATION_EXTENSION_API_ONLY = YES;
				CODE_SIGN_STYLE = Automatic;
				CURRENT_PROJECT_VERSION = 1;
				DEVELOPMENT_TEAM = ZMMNM2A5G7;
				GENERATE_INFOPLIST_FILE = NO;
				INFOPLIST_FILE = ForkensicsNotificationContent/Info.plist;
				IPHONEOS_DEPLOYMENT_TARGET = 18.0;
				MARKETING_VERSION = 1.0;
				PRODUCT_BUNDLE_IDENTIFIER = com.forkensics.prototype.NotificationContent;
				PRODUCT_NAME = "$(TARGET_NAME)";
				SDKROOT = iphoneos;
				SKIP_INSTALL = YES;
				SWIFT_EMIT_LOC_STRINGS = YES;
				SWIFT_VERSION = 5.0;
				TARGETED_DEVICE_FAMILY = 1;
			};
			name = Release;
		};
		CC0800010000000000000000 /* Debug */ = {
			isa = XCBuildConfiguration;
			buildSettings = {
				APPLICATION_EXTENSION_API_ONLY = YES;
				CODE_SIGN_STYLE = Automatic;
				CURRENT_PROJECT_VERSION = 1;
				DEVELOPMENT_TEAM = ZMMNM2A5G7;
				GENERATE_INFOPLIST_FILE = NO;
				INFOPLIST_FILE = ForkensicsLiveActivity/Info.plist;
				IPHONEOS_DEPLOYMENT_TARGET = 18.0;
				LD_RUNPATH_SEARCH_PATHS = (
					"$(inherited)",
					"@executable_path/Frameworks",
					"@executable_path/../../Frameworks",
				);
				MARKETING_VERSION = 1.0;
				PRODUCT_BUNDLE_IDENTIFIER = com.forkensics.prototype.LiveActivity;
				PRODUCT_NAME = "$(TARGET_NAME)";
				SDKROOT = iphoneos;
				SKIP_INSTALL = YES;
				SWIFT_EMIT_LOC_STRINGS = YES;
				SWIFT_VERSION = 5.0;
				TARGETED_DEVICE_FAMILY = 1;
			};
			name = Debug;
		};
		CC0800020000000000000000 /* Release */ = {
			isa = XCBuildConfiguration;
			buildSettings = {
				APPLICATION_EXTENSION_API_ONLY = YES;
				CODE_SIGN_STYLE = Automatic;
				CURRENT_PROJECT_VERSION = 1;
				DEVELOPMENT_TEAM = ZMMNM2A5G7;
				GENERATE_INFOPLIST_FILE = NO;
				INFOPLIST_FILE = ForkensicsLiveActivity/Info.plist;
				IPHONEOS_DEPLOYMENT_TARGET = 18.0;
				LD_RUNPATH_SEARCH_PATHS = (
					"$(inherited)",
					"@executable_path/Frameworks",
					"@executable_path/../../Frameworks",
				);
				MARKETING_VERSION = 1.0;
				PRODUCT_BUNDLE_IDENTIFIER = com.forkensics.prototype.LiveActivity;
				PRODUCT_NAME = "$(TARGET_NAME)";
				SDKROOT = iphoneos;
				SKIP_INSTALL = YES;
				SWIFT_EMIT_LOC_STRINGS = YES;
				SWIFT_VERSION = 5.0;
				TARGETED_DEVICE_FAMILY = 1;
			};
			name = Release;
		};
/* End XCBuildConfiguration section */

/* Begin XCConfigurationList section */
		AA0601010000000000000000 /* Build configuration list for PBXProject "Forkensics" */ = {
			isa = XCConfigurationList;
			buildConfigurations = (
				AA0600010000000000000000 /* Debug */,
				AA0600020000000000000000 /* Release */,
			);
			defaultConfigurationIsVisible = 0;
			defaultConfigurationName = Release;
		};
		AA0601020000000000000000 /* Build configuration list for PBXNativeTarget "Forkensics" */ = {
			isa = XCConfigurationList;
			buildConfigurations = (
				AA0600030000000000000000 /* Debug */,
				AA0600040000000000000000 /* Release */,
			);
			defaultConfigurationIsVisible = 0;
			defaultConfigurationName = Release;
		};
		BB0900010000000000000000 /* Build configuration list for PBXNativeTarget "ForkensicsNotificationContent" */ = {
			isa = XCConfigurationList;
			buildConfigurations = (
				BB0800010000000000000000 /* Debug */,
				BB0800020000000000000000 /* Release */,
			);
			defaultConfigurationIsVisible = 0;
			defaultConfigurationName = Release;
		};
		CC0900010000000000000000 /* Build configuration list for PBXNativeTarget "ForkensicsLiveActivity" */ = {
			isa = XCConfigurationList;
			buildConfigurations = (
				CC0800010000000000000000 /* Debug */,
				CC0800020000000000000000 /* Release */,
			);
			defaultConfigurationIsVisible = 0;
			defaultConfigurationName = Release;
		};
/* End XCConfigurationList section */

/* Begin XCRemoteSwiftPackageReference section */
		540529933034F60A009025C7 /* XCRemoteSwiftPackageReference "supabase-swift" */ = {
			isa = XCRemoteSwiftPackageReference;
			repositoryURL = "https://github.com/supabase/supabase-swift";
			requirement = {
				kind = upToNextMajorVersion;
				minimumVersion = 2.5.1;
			};
			traits = (
			);
		};
/* End XCRemoteSwiftPackageReference section */

/* Begin XCSwiftPackageProductDependency section */
		540529943034F60A009025C7 /* Supabase */ = {
			isa = XCSwiftPackageProductDependency;
			package = 540529933034F60A009025C7 /* XCRemoteSwiftPackageReference "supabase-swift" */;
			productName = Supabase;
		};
/* End XCSwiftPackageProductDependency section */
	};
	rootObject = AA0100010000000000000000 /* Project object */;
}
